
Microsoft Visual Studio Solution File, Format Version 12.00
# Visual Studio Version 17
VisualStudioVersion = 17.2.32616.157
MinimumVisualStudioVersion = 10.0.40219.1
Project("{FAE04EC0-301F-11D3-BF4B-00C04F79EFBC}") = "Joystick", "Joystick.csproj", "{AE81CA94-B8FF-4A8D-9CEC-494817B943CA}"
EndProject
Global
	GlobalSection(SolutionConfigurationPlatforms) = preSolution
		Debug|Any CPU = Debug|Any CPU
		Release|Any CPU = Release|Any CPU
	EndGlobalSection
	GlobalSection(ProjectConfigurationPlatforms) = postSolution
		{AE81CA94-B8FF-4A8D-9CEC-494817B943CA}.Debug|Any CPU.ActiveCfg = Debug|Any CPU
		{AE81CA94-B8FF-4A8D-9CEC-494817B943CA}.Debug|Any CPU.Build.0 = Debug|Any CPU
		{AE81CA94-B8FF-4A8D-9CEC-494817B943CA}.Release|Any CPU.ActiveCfg = Release|Any CPU
		{AE81CA94-B8FF-4A8D-9CEC-494817B943CA}.Release|Any CPU.Build.0 = Release|Any CPU
	EndGlobalSection
	GlobalSection(SolutionProperties) = preSolution
		HideSolutionNode = FALSE
	EndGlobalSection
	GlobalSection(ExtensibilityGlobals) = postSolution
		SolutionGuid = {8E8415A5-C979-4DF6-A64A-47751EE4ACE7}
	EndGlobalSection
EndGlobal
