{
  "originHash" : "457e295fa789fb85f2c78d748c50748b560c77e1f03a008eb8c2944ad6e89c3b",
  "pins" : [
    {
      "identity" : "nimble",
      "kind" : "remoteSourceControl",
      "location" : "https://github.com/Quick/Nimble.git",
      "state" : {
        "revision" : "7a46a5fc86cb917f69e3daf79fcb045283d8f008",
        "version" : "8.1.2"
      }
    },
    {
      "identity" : "swift-atomics",
      "kind" : "remoteSourceControl",
      "location" : "https://github.com/apple/swift-atomics.git",
      "state" : {
        "revision" : "cd142fd2f64be2100422d658e7411e39489da985",
        "version" : "1.2.0"
      }
    },
    {
      "identity" : "swift-bson",
      "kind" : "remoteSourceControl",
      "location" : "https://github.com/mongodb/swift-bson",
      "state" : {
        "revision" : "d18d9798987b737a7162ce6678da18561b5c629a",
        "version" : "3.1.0"
      }
    },
    {
      "identity" : "swift-collections",
      "kind" : "remoteSourceControl",
      "location" : "https://github.com/apple/swift-collections.git",
      "state" : {
        "revision" : "671108c96644956dddcd89dd59c203dcdb36cec7",
        "version" : "1.1.4"
      }
    },
    {
      "identity" : "swift-extras-base64",
      "kind" : "remoteSourceControl",
      "location" : "https://github.com/swift-extras/swift-extras-base64",
      "state" : {
        "revision" : "778e00dd7cc2b7970742f061cffc87dd570e6bfa",
        "version" : "0.5.0"
      }
    },
    {
      "identity" : "swift-extras-json",
      "kind" : "remoteSourceControl",
      "location" : "https://github.com/swift-extras/swift-extras-json",
      "state" : {
        "revision" : "122b9454ef01bf89a4c190b8fd3717ddd0a2fbd0",
        "version" : "0.6.0"
      }
    },
    {
      "identity" : "swift-nio",
      "kind" : "remoteSourceControl",
      "location" : "https://github.com/apple/swift-nio",
      "state" : {
        "revision" : "c51907a839e63ebf0ba2076bba73dd96436bd1b9",
        "version" : "2.81.0"
      }
    },
    {
      "identity" : "swift-system",
      "kind" : "remoteSourceControl",
      "location" : "https://github.com/apple/swift-system.git",
      "state" : {
        "revision" : "a34201439c74b53f0fd71ef11741af7e7caf01e1",
        "version" : "1.4.2"
      }
    },
    {
      "identity" : "zaber-motion-lib-swift",
      "kind" : "remoteSourceControl",
      "location" : "https://github.com/zabertech/zaber-motion-lib-swift",
      "state" : {
        "revision" : "19545760e0003fa0c8d705efd3298cb2a1d73849",
        "version" : "7.8.2"
      }
    }
  ],
  "version" : 3
}
