{
    "_meta": {
        "hash": {
            "sha256": "acb52442cd3c191b4cf35f95ccfff0aa5a2a23b3fff402790406e194eeaab754"
        },
        "pipfile-spec": 6,
        "requires": {
            "python_version": "3.11"
        },
        "sources": [
            {
                "name": "pypi",
                "url": "https://pypi.org/simple",
                "verify_ssl": true
            }
        ]
    },
    "default": {
        "numpy": {
            "hashes": [
                "sha256:04494f6ec467ccb5369d1808570ae55f6ed9b5809d7f035059000a37b8d7e86f",
                "sha256:0a43f0974d501842866cc83471bdb0116ba0dffdbaac33ec05e6afed5b615238",
                "sha256:0e50842b2295ba8414c8c1d9d957083d5dfe9e16828b37de883f51fc53c4016f",
                "sha256:0ec84b9ba0654f3b962802edc91424331f423dcf5d5f926676e0150789cb3d95",
                "sha256:17067d097ed036636fa79f6a869ac26df7db1ba22039d962422506640314933a",
                "sha256:1cde1753efe513705a0c6d28f5884e22bdc30438bf0085c5c486cdaff40cd67a",
                "sha256:1e72728e7501a450288fc8e1f9ebc73d90cfd4671ebbd631f3e7857c39bd16f2",
                "sha256:2635dbd200c2d6faf2ef9a0d04f0ecc6b13b3cad54f7c67c61155138835515d2",
                "sha256:2ce46fd0b8a0c947ae047d222f7136fc4d55538741373107574271bc00e20e8f",
                "sha256:34f003cb88b1ba38cb9a9a4a3161c1604973d7f9d5552c38bc2f04f829536609",
                "sha256:354f373279768fa5a584bac997de6a6c9bc535c482592d7a813bb0c09be6c76f",
                "sha256:38ecb5b0582cd125f67a629072fed6f83562d9dd04d7e03256c9829bdec027ad",
                "sha256:3e8e01233d57639b2e30966c63d36fcea099d17c53bf424d77f088b0f4babd86",
                "sha256:3f6bed7f840d44c08ebdb73b1825282b801799e325bcbdfa6bc5c370e5aecc65",
                "sha256:4554eb96f0fd263041baf16cf0881b3f5dafae7a59b1049acb9540c4d57bc8cb",
                "sha256:46e161722e0f619749d1cd892167039015b2c2817296104487cd03ed4a955995",
                "sha256:49d9f7d256fbc804391a7f72d4a617302b1afac1112fac19b6c6cec63fe7fe8a",
                "sha256:4d2f62e55a4cd9c58c1d9a1c9edaedcd857a73cb6fda875bf79093f9d9086f85",
                "sha256:5f64641b42b2429f56ee08b4f427a4d2daf916ec59686061de751a55aafa22e4",
                "sha256:63b92c512d9dbcc37f9d81b123dec99fdb318ba38c8059afc78086fe73820275",
                "sha256:6d7696c615765091cc5093f76fd1fa069870304beaccfd58b5dcc69e55ef49c1",
                "sha256:79e843d186c8fb1b102bef3e2bc35ef81160ffef3194646a7fdd6a73c6b97196",
                "sha256:821eedb7165ead9eebdb569986968b541f9908979c2da8a4967ecac4439bae3d",
                "sha256:84554fc53daa8f6abf8e8a66e076aff6ece62de68523d9f665f32d2fc50fd66e",
                "sha256:8d83bb187fb647643bd56e1ae43f273c7f4dbcdf94550d7938cfc32566756514",
                "sha256:903703372d46bce88b6920a0cd86c3ad82dae2dbef157b5fc01b70ea1cfc430f",
                "sha256:9416a5c2e92ace094e9f0082c5fd473502c91651fb896bc17690d6fc475128d6",
                "sha256:9a1712c015831da583b21c5bfe15e8684137097969c6d22e8316ba66b5baabe4",
                "sha256:9c27f0946a3536403efb0e1c28def1ae6730a72cd0d5878db38824855e3afc44",
                "sha256:a356364941fb0593bb899a1076b92dfa2029f6f5b8ba88a14fd0984aaf76d0df",
                "sha256:a7039a136017eaa92c1848152827e1424701532ca8e8967fe480fe1569dae581",
                "sha256:acd3a644e4807e73b4e1867b769fbf1ce8c5d80e7caaef0d90dcdc640dfc9787",
                "sha256:ad0c86f3455fbd0de6c31a3056eb822fc939f81b1618f10ff3406971893b62a5",
                "sha256:b4c76e3d4c56f145d41b7b6751255feefae92edbc9a61e1758a98204200f30fc",
                "sha256:b6f6a8f45d0313db07d6d1d37bd0b112f887e1369758a5419c0370ba915b3871",
                "sha256:c5a59996dc61835133b56a32ebe4ef3740ea5bc19b3983ac60cc32be5a665d54",
                "sha256:c73aafd1afca80afecb22718f8700b40ac7cab927b8abab3c3e337d70e10e5a2",
                "sha256:cee6cc0584f71adefe2c908856ccc98702baf95ff80092e4ca46061538a2ba98",
                "sha256:cef04d068f5fb0518a77857953193b6bb94809a806bd0a14983a8f12ada060c9",
                "sha256:cf5d1c9e6837f8af9f92b6bd3e86d513cdc11f60fd62185cc49ec7d1aba34864",
                "sha256:e61155fae27570692ad1d327e81c6cf27d535a5d7ef97648a17d922224b216de",
                "sha256:e7f387600d424f91576af20518334df3d97bc76a300a755f9a8d6e4f5cadd289",
                "sha256:ed08d2703b5972ec736451b818c2eb9da80d66c3e84aed1deeb0c345fefe461b",
                "sha256:fbd6acc766814ea6443628f4e6751d0da6593dae29c08c0b2606164db026970c",
                "sha256:feff59f27338135776f6d4e2ec7aeeac5d5f7a08a83e80869121ef8164b74af9"
            ],
            "index": "pypi",
            "markers": "python_version >= '3.9'",
            "version": "==2.0.0"
        },
        "packaging": {
            "hashes": [
                "sha256:026ed72c8ed3fcce5bf8950572258698927fd1dbda10a5e981cdf0ac37f4f002",
                "sha256:5b8f2217dbdbd2f7f384c41c628544e6d52f2d0f53c6d0c3ea61aa5d1d7ff124"
            ],
            "markers": "python_version >= '3.8'",
            "version": "==24.1"
        },
        "plotly": {
            "hashes": [
                "sha256:68fc1901f098daeb233cc3dd44ec9dc31fb3ca4f4e53189344199c43496ed006",
                "sha256:859fdadbd86b5770ae2466e542b761b247d1c6b49daed765b95bb8c7063e7469"
            ],
            "index": "pypi",
            "markers": "python_version >= '3.8'",
            "version": "==5.22.0"
        },
        "pydocstyle": {
            "hashes": [
                "sha256:118762d452a49d6b05e194ef344a55822987a462831ade91ec5c06fd2169d019",
                "sha256:7ce43f0c0ac87b07494eb9c0b462c0b73e6ff276807f204d6b53edc72b7e44e1"
            ],
            "index": "pypi",
            "markers": "python_version >= '3.6'",
            "version": "==6.3.0"
        },
        "reactivex": {
            "hashes": [
                "sha256:0004796c420bd9e68aad8e65627d85a8e13f293de76656165dffbcb3a0e3fb6a",
                "sha256:e912e6591022ab9176df8348a653fe8c8fa7a301f26f9931c9d8c78a650e04e8"
            ],
            "markers": "python_version >= '3.7' and python_version < '4.0'",
            "version": "==4.0.4"
        },
        "snowballstemmer": {
            "hashes": [
                "sha256:09b16deb8547d3412ad7b590689584cd0fe25ec8db3be37788be3810cbf19cb1",
                "sha256:c8e1716e83cc398ae16824e5572ae04e0d9fc2c6b985fb0f900f5f0c96ecba1a"
            ],
            "version": "==2.2.0"
        },
        "tenacity": {
            "hashes": [
                "sha256:9e6f7cf7da729125c7437222f8a522279751cdfbe6b67bfe64f75d3a348661b2",
                "sha256:cd80a53a79336edba8489e767f729e4f391c896956b57140b5d7511a64bbd3ef"
            ],
            "markers": "python_version >= '3.8'",
            "version": "==8.4.2"
        },
        "typing-extensions": {
            "hashes": [
                "sha256:04e5ca0351e0f3f85c6853954072df659d0d13fac324d0072316b67d7794700d",
                "sha256:1a7ead55c7e559dd4dee8856e3a88b41225abfe1ce8df57b7c13915fe121ffb8"
            ],
            "markers": "python_version >= '3.8'",
            "version": "==4.12.2"
        },
        "zaber-motion": {
            "hashes": [
                "sha256:071efdd93a288461112d9c7f14581c9b51da68deef0c9c2c592a904a73186c51",
                "sha256:18a0ba30c5ef8586254e5574166fa49b4a295e8acb0b205e3a9ff0f7118536b2",
                "sha256:1a370917fc86c2c1aac243c2f5eeb1bc4f348b506850d483e27a87981303bdd7",
                "sha256:3e647c0b05b696fb12002fbdc725c816abfdb8b82b2eb60c90bfc3b4ea8bd8dc",
                "sha256:4c06f719bf460b4569f835b83bd400b921097e42ddcb9943925e5479c99d24ef",
                "sha256:4da017354f56ed28a015381c1536cfa01fc5a9c5114a4e655da32bf9636a41bb",
                "sha256:923dfd44351a084b97d345e483bbce0847db4c7dcfff2bbdfdf42237fb2bb715",
                "sha256:9b3f2733f6594cfeeb6e90d588e2d45e34ccc40f648b21e7d361a93e2b7af86c"
            ],
            "index": "pypi",
            "markers": "python_version >= '3.8'",
            "version": "==6.2.1"
        }
    },
    "develop": {
        "astroid": {
            "hashes": [
                "sha256:8ead48e31b92b2e217b6c9733a21afafe479d52d6e164dd25fb1a770c7c3cf94",
                "sha256:e8a0083b4bb28fcffb6207a3bfc9e5d0a68be951dd7e336d5dcf639c682388c0"
            ],
            "markers": "python_full_version >= '3.8.0'",
            "version": "==3.2.2"
        },
        "black": {
            "hashes": [
                "sha256:257d724c2c9b1660f353b36c802ccece186a30accc7742c176d29c146df6e474",
                "sha256:37aae07b029fa0174d39daf02748b379399b909652a806e5708199bd93899da1",
                "sha256:415e686e87dbbe6f4cd5ef0fbf764af7b89f9057b97c908742b6008cc554b9c0",
                "sha256:48a85f2cb5e6799a9ef05347b476cce6c182d6c71ee36925a6c194d074336ef8",
                "sha256:7768a0dbf16a39aa5e9a3ded568bb545c8c2727396d063bbaf847df05b08cd96",
                "sha256:7e122b1c4fb252fd85df3ca93578732b4749d9be076593076ef4d07a0233c3e1",
                "sha256:88c57dc656038f1ab9f92b3eb5335ee9b021412feaa46330d5eba4e51fe49b04",
                "sha256:8e537d281831ad0e71007dcdcbe50a71470b978c453fa41ce77186bbe0ed6021",
                "sha256:98e123f1d5cfd42f886624d84464f7756f60ff6eab89ae845210631714f6db94",
                "sha256:accf49e151c8ed2c0cdc528691838afd217c50412534e876a19270fea1e28e2d",
                "sha256:b1530ae42e9d6d5b670a34db49a94115a64596bc77710b1d05e9801e62ca0a7c",
                "sha256:b9176b9832e84308818a99a561e90aa479e73c523b3f77afd07913380ae2eab7",
                "sha256:bdde6f877a18f24844e381d45e9947a49e97933573ac9d4345399be37621e26c",
                "sha256:be8bef99eb46d5021bf053114442914baeb3649a89dc5f3a555c88737e5e98fc",
                "sha256:bf10f7310db693bb62692609b397e8d67257c55f949abde4c67f9cc574492cc7",
                "sha256:c872b53057f000085da66a19c55d68f6f8ddcac2642392ad3a355878406fbd4d",
                "sha256:d36ed1124bb81b32f8614555b34cc4259c3fbc7eec17870e8ff8ded335b58d8c",
                "sha256:da33a1a5e49c4122ccdfd56cd021ff1ebc4a1ec4e2d01594fef9b6f267a9e741",
                "sha256:dd1b5a14e417189db4c7b64a6540f31730713d173f0b63e55fabd52d61d8fdce",
                "sha256:e151054aa00bad1f4e1f04919542885f89f5f7d086b8a59e5000e6c616896ffb",
                "sha256:eaea3008c281f1038edb473c1aa8ed8143a5535ff18f978a318f10302b254063",
                "sha256:ef703f83fc32e131e9bcc0a5094cfe85599e7109f896fe8bc96cc402f3eb4b6e"
            ],
            "index": "pypi",
            "markers": "python_version >= '3.8'",
            "version": "==24.4.2"
        },
        "click": {
            "hashes": [
                "sha256:ae74fb96c20a0277a1d615f1e4d73c8414f5a98db8b799a7931d1582f3390c28",
                "sha256:ca9853ad459e787e2192211578cc907e7594e294c7ccc834310722b41b9ca6de"
            ],
            "markers": "python_version >= '3.7'",
            "version": "==8.1.7"
        },
        "colorama": {
            "hashes": [
                "sha256:08695f5cb7ed6e0531a20572697297273c47b8cae5a63ffc6d6ed5c201be6e44",
                "sha256:4f1d9991f5acc0ca119f9d443620b77f9d6b33703e51011c16baf57afb285fc6"
            ],
            "markers": "platform_system == 'Windows'",
            "version": "==0.4.6"
        },
        "dill": {
            "hashes": [
                "sha256:3ebe3c479ad625c4553aca177444d89b486b1d84982eeacded644afc0cf797ca",
                "sha256:c36ca9ffb54365bdd2f8eb3eff7d2a21237f8452b57ace88b1ac615b7e815bd7"
            ],
            "markers": "python_version >= '3.11'",
            "version": "==0.3.8"
        },
        "isort": {
            "hashes": [
                "sha256:48fdfcb9face5d58a4f6dde2e72a1fb8dcaf8ab26f95ab49fab84c2ddefb0109",
                "sha256:8ca5e72a8d85860d5a3fa69b8745237f2939afe12dbf656afbcb47fe72d947a6"
            ],
            "markers": "python_full_version >= '3.8.0'",
            "version": "==5.13.2"
        },
        "mccabe": {
            "hashes": [
                "sha256:348e0240c33b60bbdf4e523192ef919f28cb2c3d7d5c7794f74009290f236325",
                "sha256:6c2d30ab6be0e4a46919781807b4f0d834ebdd6c6e3dca0bda5a15f863427b6e"
            ],
            "markers": "python_version >= '3.6'",
            "version": "==0.7.0"
        },
        "mypy": {
            "hashes": [
                "sha256:0cd62192a4a32b77ceb31272d9e74d23cd88c8060c34d1d3622db3267679a5d9",
                "sha256:1b3a2ffce52cc4dbaeee4df762f20a2905aa171ef157b82192f2e2f368eec05d",
                "sha256:1f8f492d7db9e3593ef42d4f115f04e556130f2819ad33ab84551403e97dd4c0",
                "sha256:2189ff1e39db399f08205e22a797383613ce1cb0cb3b13d8bcf0170e45b96cc3",
                "sha256:378c03f53f10bbdd55ca94e46ec3ba255279706a6aacaecac52ad248f98205d3",
                "sha256:37fd87cab83f09842653f08de066ee68f1182b9b5282e4634cdb4b407266bade",
                "sha256:3c4c2992f6ea46ff7fce0072642cfb62af7a2484efe69017ed8b095f7b39ef31",
                "sha256:51a46974340baaa4145363b9e051812a2446cf583dfaeba124af966fa44593f7",
                "sha256:5bb9cd11c01c8606a9d0b83ffa91d0b236a0e91bc4126d9ba9ce62906ada868e",
                "sha256:5cc3ca0a244eb9a5249c7c583ad9a7e881aa5d7b73c35652296ddcdb33b2b9c7",
                "sha256:604282c886497645ffb87b8f35a57ec773a4a2721161e709a4422c1636ddde5c",
                "sha256:6166a88b15f1759f94a46fa474c7b1b05d134b1b61fca627dd7335454cc9aa6b",
                "sha256:6bacf8f3a3d7d849f40ca6caea5c055122efe70e81480c8328ad29c55c69e93e",
                "sha256:6be84c06e6abd72f960ba9a71561c14137a583093ffcf9bbfaf5e613d63fa531",
                "sha256:701b5f71413f1e9855566a34d6e9d12624e9e0a8818a5704d74d6b0402e66c04",
                "sha256:71d8ac0b906354ebda8ef1673e5fde785936ac1f29ff6987c7483cfbd5a4235a",
                "sha256:8addf6313777dbb92e9564c5d32ec122bf2c6c39d683ea64de6a1fd98b90fe37",
                "sha256:901c89c2d67bba57aaaca91ccdb659aa3a312de67f23b9dfb059727cce2e2e0a",
                "sha256:97a131ee36ac37ce9581f4220311247ab6cba896b4395b9c87af0675a13a755f",
                "sha256:a1bbb3a6f5ff319d2b9d40b4080d46cd639abe3516d5a62c070cf0114a457d84",
                "sha256:a2cbc68cb9e943ac0814c13e2452d2046c2f2b23ff0278e26599224cf164e78d",
                "sha256:b8edd4e9bbbc9d7b79502eb9592cab808585516ae1bcc1446eb9122656c6066f",
                "sha256:bd6f629b67bb43dc0d9211ee98b96d8dabc97b1ad38b9b25f5e4c4d7569a0c6a",
                "sha256:c2ae450d60d7d020d67ab440c6e3fae375809988119817214440033f26ddf7bf",
                "sha256:d8681909f7b44d0b7b86e653ca152d6dff0eb5eb41694e163c6092124f8246d7",
                "sha256:e36f229acfe250dc660790840916eb49726c928e8ce10fbdf90715090fe4ae02",
                "sha256:fe85ed6836165d52ae8b88f99527d3d1b2362e0cb90b005409b8bed90e9059b3"
            ],
            "index": "pypi",
            "markers": "python_version >= '3.8'",
            "version": "==1.10.1"
        },
        "mypy-extensions": {
            "hashes": [
                "sha256:4392f6c0eb8a5668a69e23d168ffa70f0be9ccfd32b5cc2d26a34ae5b844552d",
                "sha256:75dbf8955dc00442a438fc4d0666508a9a97b6bd41aa2f0ffe9d2f2725af0782"
            ],
            "markers": "python_version >= '3.5'",
            "version": "==1.0.0"
        },
        "packaging": {
            "hashes": [
                "sha256:026ed72c8ed3fcce5bf8950572258698927fd1dbda10a5e981cdf0ac37f4f002",
                "sha256:5b8f2217dbdbd2f7f384c41c628544e6d52f2d0f53c6d0c3ea61aa5d1d7ff124"
            ],
            "markers": "python_version >= '3.8'",
            "version": "==24.1"
        },
        "pathspec": {
            "hashes": [
                "sha256:a0d503e138a4c123b27490a4f7beda6a01c6f288df0e4a8b79c7eb0dc7b4cc08",
                "sha256:a482d51503a1ab33b1c67a6c3813a26953dbdc71c31dacaef9a838c4e29f5712"
            ],
            "markers": "python_version >= '3.8'",
            "version": "==0.12.1"
        },
        "platformdirs": {
            "hashes": [
                "sha256:2d7a1657e36a80ea911db832a8a6ece5ee53d8de21edd5cc5879af6530b1bfee",
                "sha256:38b7b51f512eed9e84a22788b4bce1de17c0adb134d6becb09836e37d8654cd3"
            ],
            "markers": "python_version >= '3.8'",
            "version": "==4.2.2"
        },
        "pydocstyle": {
            "hashes": [
                "sha256:118762d452a49d6b05e194ef344a55822987a462831ade91ec5c06fd2169d019",
                "sha256:7ce43f0c0ac87b07494eb9c0b462c0b73e6ff276807f204d6b53edc72b7e44e1"
            ],
            "index": "pypi",
            "markers": "python_version >= '3.6'",
            "version": "==6.3.0"
        },
        "pylint": {
            "hashes": [
                "sha256:32cd6c042b5004b8e857d727708720c54a676d1e22917cf1a2df9b4d4868abd6",
                "sha256:e9b7171e242dcc6ebd0aaa7540481d1a72860748a0a7816b8fe6cf6c80a6fe7e"
            ],
            "index": "pypi",
            "markers": "python_full_version >= '3.8.0'",
            "version": "==3.2.5"
        },
        "snowballstemmer": {
            "hashes": [
                "sha256:09b16deb8547d3412ad7b590689584cd0fe25ec8db3be37788be3810cbf19cb1",
                "sha256:c8e1716e83cc398ae16824e5572ae04e0d9fc2c6b985fb0f900f5f0c96ecba1a"
            ],
            "version": "==2.2.0"
        },
        "tomlkit": {
            "hashes": [
                "sha256:af914f5a9c59ed9d0762c7b64d3b5d5df007448eb9cd2edc8a46b1eafead172f",
                "sha256:eef34fba39834d4d6b73c9ba7f3e4d1c417a4e56f89a7e96e090dd0d24b8fb3c"
            ],
            "markers": "python_version >= '3.7'",
            "version": "==0.12.5"
        },
        "typing-extensions": {
            "hashes": [
                "sha256:04e5ca0351e0f3f85c6853954072df659d0d13fac324d0072316b67d7794700d",
                "sha256:1a7ead55c7e559dd4dee8856e3a88b41225abfe1ce8df57b7c13915fe121ffb8"
            ],
            "markers": "python_version >= '3.8'",
            "version": "==4.12.2"
        }
    }
}
